# Pinned upstream for local EVM dev deploy + ABI sync.
#
# This repo treats dkg-evm-module as the source of truth for contract interfaces.
# The scheduled sync workflow can bump this ref and update ./abi accordingly.
repo=https://github.com/OriginTrail/dkg-evm-module.git
ref=10ef36e8d6e44b84e0359c2ab57083c16b3c7c2a

