# Pinned upstream for local EVM dev deploy + ABI sync.
#
# This repo treats dkg-evm-module as the source of truth for contract interfaces.
# The scheduled sync workflow can bump this ref and update ./abi accordingly.
repo=https://github.com/OriginTrail/dkg-evm-module.git
ref=4593134d92a9b6f67a2db3d9c34fdb2f54f4132d

